// !$*UTF8*$!
{
	archiveVersion = 1;
	classes = {
	};
	objectVersion = 77;
	objects = {

/* Begin PBXBuildFile section */
		AA000001000000000000AA01 /* RollAlongApp.swift in Sources */ = {isa = PBXBuildFile; fileRef = AA000001000000000000AA00 /* RollAlongApp.swift */; };
		AA000002000000000000AA01 /* ContentView.swift in Sources */ = {isa = PBXBuildFile; fileRef = AA000002000000000000AA00 /* ContentView.swift */; };
		AA000003000000000000AA01 /* BallGameView.swift in Sources */ = {isa = PBXBuildFile; fileRef = AA000003000000000000AA00 /* BallGameView.swift */; };
		AA000006000000000000AA01 /* BallSkin.swift in Sources */ = {isa = PBXBuildFile; fileRef = AA000006000000000000AA00 /* BallSkin.swift */; };
		AA000007000000000000AA01 /* GameState.swift in Sources */ = {isa = PBXBuildFile; fileRef = AA000007000000000000AA00 /* GameState.swift */; };
		AA000008000000000000AA01 /* LevelLayout.swift in Sources */ = {isa = PBXBuildFile; fileRef = AA000008000000000000AA00 /* LevelLayout.swift */; };
		AA000009000000000000AA01 /* HomeView.swift in Sources */ = {isa = PBXBuildFile; fileRef = AA000009000000000000AA00 /* HomeView.swift */; };
		AA00000A000000000000AA01 /* SettingsView.swift in Sources */ = {isa = PBXBuildFile; fileRef = AA00000A000000000000AA00 /* SettingsView.swift */; };
		AA00000B000000000000AA02 /* Assets.xcassets in Resources */ = {isa = PBXBuildFile; fileRef = AA00000B000000000000AA00 /* Assets.xcassets */; };
		AA00000C000000000000AA01 /* LevelSelectView.swift in Sources */ = {isa = PBXBuildFile; fileRef = AA00000C000000000000AA00 /* LevelSelectView.swift */; };
		AA00000D000000000000AA02 /* PrivacyInfo.xcprivacy in Resources */ = {isa = PBXBuildFile; fileRef = AA00000D000000000000AA00 /* PrivacyInfo.xcprivacy */; };
		AA00000E000000000000AA01 /* Cosmetics.swift in Sources */ = {isa = PBXBuildFile; fileRef = AA00000E000000000000AA00 /* Cosmetics.swift */; };
		AA00000F000000000000AA01 /* CosmeticShopView.swift in Sources */ = {isa = PBXBuildFile; fileRef = AA00000F000000000000AA00 /* CosmeticShopView.swift */; };
		AA000013000000000000AA01 /* AnalyticsClient.swift in Sources */ = {isa = PBXBuildFile; fileRef = AA000013000000000000AA00 /* AnalyticsClient.swift */; };
		AA000014000000000000AA01 /* StoreKitManager.swift in Sources */ = {isa = PBXBuildFile; fileRef = AA000014000000000000AA00 /* StoreKitManager.swift */; };
		AA000015000000000000AA01 /* PurchaseSheets.swift in Sources */ = {isa = PBXBuildFile; fileRef = AA000015000000000000AA00 /* PurchaseSheets.swift */; };
		AA000016000000000000AA02 /* Products.storekit in Resources */ = {isa = PBXBuildFile; fileRef = AA000016000000000000AA00 /* Products.storekit */; };
		AA000017000000000000AA01 /* AdManager.swift in Sources */ = {isa = PBXBuildFile; fileRef = AA000017000000000000AA00 /* AdManager.swift */; };
		AA000018000000000000AA01 /* GoogleMobileAds in Frameworks */ = {isa = PBXBuildFile; productRef = D502FED02FCB156C00CA86BD /* GoogleMobileAds */; };
		AA000099000000000000AA01 /* IntroView.swift in Sources */ = {isa = PBXBuildFile; fileRef = AA000099000000000000AA00 /* IntroView.swift */; };
		D502FED42FD5024E00CA86BD /* SocialClient.swift in Sources */ = {isa = PBXBuildFile; fileRef = D502FED32FD5024E00CA86BD /* SocialClient.swift */; };
		D502FED52FD5024E00CA86BD /* GameMode.swift in Sources */ = {isa = PBXBuildFile; fileRef = D502FED12FD5024E00CA86BD /* GameMode.swift */; };
		D502FED62FD5024E00CA86BD /* LevelOverrides.json in Resources */ = {isa = PBXBuildFile; fileRef = D502FED22FD5024E00CA86BD /* LevelOverrides.json */; };
		D502FED82FD52BAB00CA86BD /* AppleAuthManager.swift in Sources */ = {isa = PBXBuildFile; fileRef = D502FED72FD52BAB00CA86BD /* AppleAuthManager.swift */; };
		D502FEE12FD5024E00CA86BD /* LeaderboardView.swift in Sources */ = {isa = PBXBuildFile; fileRef = D502FEE02FD5024E00CA86BD /* LeaderboardView.swift */; };
		D502FEE32FD5024E00CA86BD /* FriendsView.swift in Sources */ = {isa = PBXBuildFile; fileRef = D502FEE22FD5024E00CA86BD /* FriendsView.swift */; };
		D502FEE52FD5024E00CA86BD /* ClansView.swift in Sources */ = {isa = PBXBuildFile; fileRef = D502FEE42FD5024E00CA86BD /* ClansView.swift */; };
		D502FEE72FD5024E00CA86BD /* GameMenuView.swift in Sources */ = {isa = PBXBuildFile; fileRef = D502FEE62FD5024E00CA86BD /* GameMenuView.swift */; };
		D502FEE92FD5024E00CA86BD /* SnakeGameView.swift in Sources */ = {isa = PBXBuildFile; fileRef = D502FEE82FD5024E00CA86BD /* SnakeGameView.swift */; };
		D502FEEB2FD5024E00CA86BD /* SumoSurvivalView.swift in Sources */ = {isa = PBXBuildFile; fileRef = D502FEEA2FD5024E00CA86BD /* SumoSurvivalView.swift */; };
		D502FEED2FD5024E00CA86BD /* PaintBallView.swift in Sources */ = {isa = PBXBuildFile; fileRef = D502FEEC2FD5024E00CA86BD /* PaintBallView.swift */; };
		D502FEEF2FD5024E00CA86BD /* GoldRushView.swift in Sources */ = {isa = PBXBuildFile; fileRef = D502FEEE2FD5024E00CA86BD /* GoldRushView.swift */; };
		D502FEF12FD5024E00CA86BD /* MarbleCupView.swift in Sources */ = {isa = PBXBuildFile; fileRef = D502FEF02FD5024E00CA86BD /* MarbleCupView.swift */; };
		D502FEF32FD5024E00CA86BD /* KingOfTheHillView.swift in Sources */ = {isa = PBXBuildFile; fileRef = D502FEF22FD5024E00CA86BD /* KingOfTheHillView.swift */; };
		D502FEF52FD5024E00CA86BD /* PinballView.swift in Sources */ = {isa = PBXBuildFile; fileRef = D502FEF42FD5024E00CA86BD /* PinballView.swift */; };
		FA0017010000000000000001 /* RollOutView.swift in Sources */ = {isa = PBXBuildFile; fileRef = FA0017010000000000000002 /* RollOutView.swift */; };
		FA0017010000000000000003 /* RollUpView.swift in Sources */ = {isa = PBXBuildFile; fileRef = FA0017010000000000000004 /* RollUpView.swift */; };
		FA0018010000000000000001 /* ZenGardenTools.swift in Sources */ = {isa = PBXBuildFile; fileRef = FA0018010000000000000002 /* ZenGardenTools.swift */; };
		FA0017020000000000000003 /* DiscoBallView.swift in Sources */ = {isa = PBXBuildFile; fileRef = FA0017020000000000000004 /* DiscoBallView.swift */; };
		D569BB9A2FEE4DF6008E91A6 /* Chipmunk in Frameworks */ = {isa = PBXBuildFile; productRef = D569BB992FEE4DF6008E91A6 /* Chipmunk */; };
		DA11FEED0000000000000001 /* DailyRewardView.swift in Sources */ = {isa = PBXBuildFile; fileRef = DA11FEED0000000000000002 /* DailyRewardView.swift */; };
		DA11FEED0000000000000003 /* BallSkinView.swift in Sources */ = {isa = PBXBuildFile; fileRef = DA11FEED0000000000000004 /* BallSkinView.swift */; };
		FA000001000000000000FA01 /* MinigameMaps.swift in Sources */ = {isa = PBXBuildFile; fileRef = FA000001000000000000FA00 /* MinigameMaps.swift */; };
		FA000002000000000000FA01 /* Constants.swift in Sources */ = {isa = PBXBuildFile; fileRef = FA000002000000000000FA00 /* Constants.swift */; };
		FA000003000000000000FA01 /* ProfileView.swift in Sources */ = {isa = PBXBuildFile; fileRef = FA000003000000000000FA00 /* ProfileView.swift */; };
		FA000006000000000000FA01 /* PublicProfileView.swift in Sources */ = {isa = PBXBuildFile; fileRef = FA000006000000000000FA00 /* PublicProfileView.swift */; };
		FA000007000000000000FA01 /* LockerView.swift in Sources */ = {isa = PBXBuildFile; fileRef = FA000007000000000000FA00 /* LockerView.swift */; };
		FA000004000000000000FA01 /* ChallengeTrackSelectView.swift in Sources */ = {isa = PBXBuildFile; fileRef = FA000004000000000000FA00 /* ChallengeTrackSelectView.swift */; };
		FA000005000000000000FA01 /* ChallengeTrackView.swift in Sources */ = {isa = PBXBuildFile; fileRef = FA000005000000000000FA00 /* ChallengeTrackView.swift */; };
		FB000003000000000000FB01 /* SnapshotTesting in Frameworks */ = {isa = PBXBuildFile; productRef = FB000002000000000000FB00 /* SnapshotTesting */; };
		FB000004000000000000FB01 /* BallSkinSnapshotTests.swift in Sources */ = {isa = PBXBuildFile; fileRef = FB000004000000000000FB00 /* BallSkinSnapshotTests.swift */; };
		FC000001000000000000FC01 /* GoldRushEngine.swift in Sources */ = {isa = PBXBuildFile; fileRef = FC000001000000000000FC00 /* GoldRushEngine.swift */; };
		FC000002000000000000FC01 /* PerformanceTests.swift in Sources */ = {isa = PBXBuildFile; fileRef = FC000002000000000000FC00 /* PerformanceTests.swift */; };
		QE3A0001000000000000AA01 /* PhysicsHelpers.swift in Sources */ = {isa = PBXBuildFile; fileRef = QE3A0001000000000000AA00 /* PhysicsHelpers.swift */; };
		QE3B0101000000000000AA01 /* GameStateTests.swift in Sources */ = {isa = PBXBuildFile; fileRef = QE3B0101000000000000AA00 /* GameStateTests.swift */; };
		QE3B0102000000000000AA01 /* PhysicsHelpersTests.swift in Sources */ = {isa = PBXBuildFile; fileRef = QE3B0102000000000000AA00 /* PhysicsHelpersTests.swift */; };
		QE3B0103000000000000AA01 /* CosmeticsTests.swift in Sources */ = {isa = PBXBuildFile; fileRef = QE3B0103000000000000AA00 /* CosmeticsTests.swift */; };
		QE3C0101000000000000AA01 /* SmokeTests.swift in Sources */ = {isa = PBXBuildFile; fileRef = QE3C0101000000000000AA00 /* SmokeTests.swift */; };
/* End PBXBuildFile section */

/* Begin PBXContainerItemProxy section */
		QE3B0017000000000000AA00 /* PBXContainerItemProxy */ = {
			isa = PBXContainerItemProxy;
			containerPortal = AA000040000000000000AA00 /* Project object */;
			proxyType = 1;
			remoteGlobalIDString = AA000020000000000000AA00;
			remoteInfo = RollAlong;
		};
		QE3C0017000000000000AA00 /* PBXContainerItemProxy */ = {
			isa = PBXContainerItemProxy;
			containerPortal = AA000040000000000000AA00 /* Project object */;
			proxyType = 1;
			remoteGlobalIDString = AA000020000000000000AA00;
			remoteInfo = RollAlong;
		};
/* End PBXContainerItemProxy section */

/* Begin PBXFileReference section */
		AA000001000000000000AA00 /* RollAlongApp.swift */ = {isa = PBXFileReference; lastKnownFileType = sourcecode.swift; path = RollAlongApp.swift; sourceTree = "<group>"; };
		AA000002000000000000AA00 /* ContentView.swift */ = {isa = PBXFileReference; lastKnownFileType = sourcecode.swift; path = ContentView.swift; sourceTree = "<group>"; };
		AA000003000000000000AA00 /* BallGameView.swift */ = {isa = PBXFileReference; lastKnownFileType = sourcecode.swift; path = BallGameView.swift; sourceTree = "<group>"; };
		AA000004000000000000AA00 /* Info.plist */ = {isa = PBXFileReference; lastKnownFileType = text.plist; path = Info.plist; sourceTree = "<group>"; };
		AA000005000000000000AA00 /* RollAlong.app */ = {isa = PBXFileReference; explicitFileType = wrapper.application; includeInIndex = 0; path = RollAlong.app; sourceTree = BUILT_PRODUCTS_DIR; };
		AA000006000000000000AA00 /* BallSkin.swift */ = {isa = PBXFileReference; lastKnownFileType = sourcecode.swift; path = BallSkin.swift; sourceTree = "<group>"; };
		AA000007000000000000AA00 /* GameState.swift */ = {isa = PBXFileReference; lastKnownFileType = sourcecode.swift; path = GameState.swift; sourceTree = "<group>"; };
		AA000008000000000000AA00 /* LevelLayout.swift */ = {isa = PBXFileReference; lastKnownFileType = sourcecode.swift; path = LevelLayout.swift; sourceTree = "<group>"; };
		AA000009000000000000AA00 /* HomeView.swift */ = {isa = PBXFileReference; lastKnownFileType = sourcecode.swift; path = HomeView.swift; sourceTree = "<group>"; };
		AA00000A000000000000AA00 /* SettingsView.swift */ = {isa = PBXFileReference; lastKnownFileType = sourcecode.swift; path = SettingsView.swift; sourceTree = "<group>"; };
		AA00000B000000000000AA00 /* Assets.xcassets */ = {isa = PBXFileReference; lastKnownFileType = folder.assetcatalog; path = Assets.xcassets; sourceTree = "<group>"; };
		AA00000C000000000000AA00 /* LevelSelectView.swift */ = {isa = PBXFileReference; lastKnownFileType = sourcecode.swift; path = LevelSelectView.swift; sourceTree = "<group>"; };
		AA00000D000000000000AA00 /* PrivacyInfo.xcprivacy */ = {isa = PBXFileReference; lastKnownFileType = text.xml; path = PrivacyInfo.xcprivacy; sourceTree = "<group>"; };
		AA00000E000000000000AA00 /* Cosmetics.swift */ = {isa = PBXFileReference; lastKnownFileType = sourcecode.swift; path = Cosmetics.swift; sourceTree = "<group>"; };
		AA00000F000000000000AA00 /* CosmeticShopView.swift */ = {isa = PBXFileReference; lastKnownFileType = sourcecode.swift; path = CosmeticShopView.swift; sourceTree = "<group>"; };
		AA000013000000000000AA00 /* AnalyticsClient.swift */ = {isa = PBXFileReference; lastKnownFileType = sourcecode.swift; path = AnalyticsClient.swift; sourceTree = "<group>"; };
		AA000014000000000000AA00 /* StoreKitManager.swift */ = {isa = PBXFileReference; lastKnownFileType = sourcecode.swift; path = StoreKitManager.swift; sourceTree = "<group>"; };
		AA000015000000000000AA00 /* PurchaseSheets.swift */ = {isa = PBXFileReference; lastKnownFileType = sourcecode.swift; path = PurchaseSheets.swift; sourceTree = "<group>"; };
		AA000016000000000000AA00 /* Products.storekit */ = {isa = PBXFileReference; lastKnownFileType = text; path = Products.storekit; sourceTree = "<group>"; };
		AA000017000000000000AA00 /* AdManager.swift */ = {isa = PBXFileReference; lastKnownFileType = sourcecode.swift; path = AdManager.swift; sourceTree = "<group>"; };
		AA000099000000000000AA00 /* IntroView.swift */ = {isa = PBXFileReference; lastKnownFileType = sourcecode.swift; path = IntroView.swift; sourceTree = "<group>"; };
		D502FED12FD5024E00CA86BD /* GameMode.swift */ = {isa = PBXFileReference; lastKnownFileType = sourcecode.swift; path = GameMode.swift; sourceTree = "<group>"; };
		D502FED22FD5024E00CA86BD /* LevelOverrides.json */ = {isa = PBXFileReference; lastKnownFileType = text.json; path = LevelOverrides.json; sourceTree = "<group>"; };
		D502FED32FD5024E00CA86BD /* SocialClient.swift */ = {isa = PBXFileReference; lastKnownFileType = sourcecode.swift; path = SocialClient.swift; sourceTree = "<group>"; };
		D502FED72FD52BAB00CA86BD /* AppleAuthManager.swift */ = {isa = PBXFileReference; lastKnownFileType = sourcecode.swift; name = AppleAuthManager.swift; path = RollAlong/AppleAuthManager.swift; sourceTree = "<group>"; };
		D502FEE02FD5024E00CA86BD /* LeaderboardView.swift */ = {isa = PBXFileReference; lastKnownFileType = sourcecode.swift; path = LeaderboardView.swift; sourceTree = "<group>"; };
		D502FEE22FD5024E00CA86BD /* FriendsView.swift */ = {isa = PBXFileReference; lastKnownFileType = sourcecode.swift; path = FriendsView.swift; sourceTree = "<group>"; };
		D502FEE42FD5024E00CA86BD /* ClansView.swift */ = {isa = PBXFileReference; lastKnownFileType = sourcecode.swift; path = ClansView.swift; sourceTree = "<group>"; };
		D502FEE62FD5024E00CA86BD /* GameMenuView.swift */ = {isa = PBXFileReference; lastKnownFileType = sourcecode.swift; path = GameMenuView.swift; sourceTree = "<group>"; };
		D502FEE82FD5024E00CA86BD /* SnakeGameView.swift */ = {isa = PBXFileReference; lastKnownFileType = sourcecode.swift; path = SnakeGameView.swift; sourceTree = "<group>"; };
		D502FEEA2FD5024E00CA86BD /* SumoSurvivalView.swift */ = {isa = PBXFileReference; lastKnownFileType = sourcecode.swift; path = SumoSurvivalView.swift; sourceTree = "<group>"; };
		D502FEEC2FD5024E00CA86BD /* PaintBallView.swift */ = {isa = PBXFileReference; lastKnownFileType = sourcecode.swift; path = PaintBallView.swift; sourceTree = "<group>"; };
		D502FEEE2FD5024E00CA86BD /* GoldRushView.swift */ = {isa = PBXFileReference; lastKnownFileType = sourcecode.swift; path = GoldRushView.swift; sourceTree = "<group>"; };
		D502FEF02FD5024E00CA86BD /* MarbleCupView.swift */ = {isa = PBXFileReference; lastKnownFileType = sourcecode.swift; path = MarbleCupView.swift; sourceTree = "<group>"; };
		D502FEF22FD5024E00CA86BD /* KingOfTheHillView.swift */ = {isa = PBXFileReference; lastKnownFileType = sourcecode.swift; path = KingOfTheHillView.swift; sourceTree = "<group>"; };
		D502FEF42FD5024E00CA86BD /* PinballView.swift */ = {isa = PBXFileReference; lastKnownFileType = sourcecode.swift; path = PinballView.swift; sourceTree = "<group>"; };
		FA0017010000000000000002 /* RollOutView.swift */ = {isa = PBXFileReference; lastKnownFileType = sourcecode.swift; path = RollOutView.swift; sourceTree = "<group>"; };
		FA0017010000000000000004 /* RollUpView.swift */ = {isa = PBXFileReference; lastKnownFileType = sourcecode.swift; path = RollUpView.swift; sourceTree = "<group>"; };
		FA0018010000000000000002 /* ZenGardenTools.swift */ = {isa = PBXFileReference; lastKnownFileType = sourcecode.swift; path = ZenGardenTools.swift; sourceTree = "<group>"; };
		FA0017020000000000000004 /* DiscoBallView.swift */ = {isa = PBXFileReference; lastKnownFileType = sourcecode.swift; path = DiscoBallView.swift; sourceTree = "<group>"; };
		D569BB962FD5B4AB008E91A6 /* RollAlong.entitlements */ = {isa = PBXFileReference; lastKnownFileType = text.plist.entitlements; path = RollAlong.entitlements; sourceTree = "<group>"; };
		DA11FEED0000000000000002 /* DailyRewardView.swift */ = {isa = PBXFileReference; lastKnownFileType = sourcecode.swift; path = DailyRewardView.swift; sourceTree = "<group>"; };
		DA11FEED0000000000000004 /* BallSkinView.swift */ = {isa = PBXFileReference; lastKnownFileType = sourcecode.swift; path = BallSkinView.swift; sourceTree = "<group>"; };
		FA000001000000000000FA00 /* MinigameMaps.swift */ = {isa = PBXFileReference; lastKnownFileType = sourcecode.swift; path = MinigameMaps.swift; sourceTree = "<group>"; };
		FA000002000000000000FA00 /* Constants.swift */ = {isa = PBXFileReference; lastKnownFileType = sourcecode.swift; path = Constants.swift; sourceTree = "<group>"; };
		FA000003000000000000FA00 /* ProfileView.swift */ = {isa = PBXFileReference; lastKnownFileType = sourcecode.swift; path = ProfileView.swift; sourceTree = "<group>"; };
		FA000006000000000000FA00 /* PublicProfileView.swift */ = {isa = PBXFileReference; lastKnownFileType = sourcecode.swift; path = PublicProfileView.swift; sourceTree = "<group>"; };
		FA000007000000000000FA00 /* LockerView.swift */ = {isa = PBXFileReference; lastKnownFileType = sourcecode.swift; path = LockerView.swift; sourceTree = "<group>"; };
		FA000004000000000000FA00 /* ChallengeTrackSelectView.swift */ = {isa = PBXFileReference; lastKnownFileType = sourcecode.swift; path = ChallengeTrackSelectView.swift; sourceTree = "<group>"; };
		FA000005000000000000FA00 /* ChallengeTrackView.swift */ = {isa = PBXFileReference; lastKnownFileType = sourcecode.swift; path = ChallengeTrackView.swift; sourceTree = "<group>"; };
		FB000004000000000000FB00 /* BallSkinSnapshotTests.swift */ = {isa = PBXFileReference; lastKnownFileType = sourcecode.swift; path = BallSkinSnapshotTests.swift; sourceTree = "<group>"; };
		FC000001000000000000FC00 /* GoldRushEngine.swift */ = {isa = PBXFileReference; lastKnownFileType = sourcecode.swift; path = GoldRushEngine.swift; sourceTree = "<group>"; };
		FC000002000000000000FC00 /* PerformanceTests.swift */ = {isa = PBXFileReference; lastKnownFileType = sourcecode.swift; path = PerformanceTests.swift; sourceTree = "<group>"; };
		QE3A0001000000000000AA00 /* PhysicsHelpers.swift */ = {isa = PBXFileReference; lastKnownFileType = sourcecode.swift; path = PhysicsHelpers.swift; sourceTree = "<group>"; };
		QE3B0001000000000000AA00 /* RollAlongTests.xctest */ = {isa = PBXFileReference; explicitFileType = wrapper.cfbundle; includeInIndex = 0; path = RollAlongTests.xctest; sourceTree = BUILT_PRODUCTS_DIR; };
		QE3B0101000000000000AA00 /* GameStateTests.swift */ = {isa = PBXFileReference; lastKnownFileType = sourcecode.swift; path = GameStateTests.swift; sourceTree = "<group>"; };
		QE3B0102000000000000AA00 /* PhysicsHelpersTests.swift */ = {isa = PBXFileReference; lastKnownFileType = sourcecode.swift; path = PhysicsHelpersTests.swift; sourceTree = "<group>"; };
		QE3B0103000000000000AA00 /* CosmeticsTests.swift */ = {isa = PBXFileReference; lastKnownFileType = sourcecode.swift; path = CosmeticsTests.swift; sourceTree = "<group>"; };
		QE3C0001000000000000AA00 /* RollAlongUITests.xctest */ = {isa = PBXFileReference; explicitFileType = wrapper.cfbundle; includeInIndex = 0; path = RollAlongUITests.xctest; sourceTree = BUILT_PRODUCTS_DIR; };
		QE3C0101000000000000AA00 /* SmokeTests.swift */ = {isa = PBXFileReference; lastKnownFileType = sourcecode.swift; path = SmokeTests.swift; sourceTree = "<group>"; };
/* End PBXFileReference section */

/* Begin PBXFrameworksBuildPhase section */
		AA000019000000000000AA00 /* Frameworks */ = {
			isa = PBXFrameworksBuildPhase;
			buildActionMask = 2147483647;
			files = (
				AA000018000000000000AA01 /* GoogleMobileAds in Frameworks */,
				D569BB9A2FEE4DF6008E91A6 /* Chipmunk in Frameworks */,
			);
			runOnlyForDeploymentPostprocessing = 0;
		};
		QE3B0012000000000000AA00 /* Frameworks */ = {
			isa = PBXFrameworksBuildPhase;
			buildActionMask = 2147483647;
			files = (
				FB000003000000000000FB01 /* SnapshotTesting in Frameworks */,
			);
			runOnlyForDeploymentPostprocessing = 0;
		};
		QE3C0012000000000000AA00 /* Frameworks */ = {
			isa = PBXFrameworksBuildPhase;
			buildActionMask = 2147483647;
			files = (
			);
			runOnlyForDeploymentPostprocessing = 0;
		};
/* End PBXFrameworksBuildPhase section */

/* Begin PBXGroup section */
		AA000010000000000000AA00 /* Products */ = {
			isa = PBXGroup;
			children = (
				AA000005000000000000AA00 /* RollAlong.app */,
				QE3B0001000000000000AA00 /* RollAlongTests.xctest */,
				QE3C0001000000000000AA00 /* RollAlongUITests.xctest */,
			);
			name = Products;
			sourceTree = "<group>";
		};
		AA000011000000000000AA00 /* RollAlong */ = {
			isa = PBXGroup;
			children = (
				D569BB962FD5B4AB008E91A6 /* RollAlong.entitlements */,
				D502FED12FD5024E00CA86BD /* GameMode.swift */,
				D502FED22FD5024E00CA86BD /* LevelOverrides.json */,
				D502FED32FD5024E00CA86BD /* SocialClient.swift */,
				D502FEE02FD5024E00CA86BD /* LeaderboardView.swift */,
				D502FEE22FD5024E00CA86BD /* FriendsView.swift */,
				D502FEE42FD5024E00CA86BD /* ClansView.swift */,
				D502FEE62FD5024E00CA86BD /* GameMenuView.swift */,
				D502FEE82FD5024E00CA86BD /* SnakeGameView.swift */,
				D502FEEA2FD5024E00CA86BD /* SumoSurvivalView.swift */,
				D502FEEC2FD5024E00CA86BD /* PaintBallView.swift */,
				D502FEEE2FD5024E00CA86BD /* GoldRushView.swift */,
				DA11FEED0000000000000002 /* DailyRewardView.swift */,
				DA11FEED0000000000000004 /* BallSkinView.swift */,
				D502FEF02FD5024E00CA86BD /* MarbleCupView.swift */,
				D502FEF22FD5024E00CA86BD /* KingOfTheHillView.swift */,
				D502FEF42FD5024E00CA86BD /* PinballView.swift */,
				FA0017010000000000000002 /* RollOutView.swift */,
				FA0017010000000000000004 /* RollUpView.swift */,
				FA0018010000000000000002 /* ZenGardenTools.swift */,
				FA0017020000000000000004 /* DiscoBallView.swift */,
				AA000001000000000000AA00 /* RollAlongApp.swift */,
				AA000002000000000000AA00 /* ContentView.swift */,
				AA000099000000000000AA00 /* IntroView.swift */,
				AA000003000000000000AA00 /* BallGameView.swift */,
				AA000006000000000000AA00 /* BallSkin.swift */,
				AA000007000000000000AA00 /* GameState.swift */,
				AA000008000000000000AA00 /* LevelLayout.swift */,
				AA000009000000000000AA00 /* HomeView.swift */,
				AA00000A000000000000AA00 /* SettingsView.swift */,
				AA00000C000000000000AA00 /* LevelSelectView.swift */,
				AA00000E000000000000AA00 /* Cosmetics.swift */,
				AA00000F000000000000AA00 /* CosmeticShopView.swift */,
				AA000013000000000000AA00 /* AnalyticsClient.swift */,
				AA000014000000000000AA00 /* StoreKitManager.swift */,
				AA000015000000000000AA00 /* PurchaseSheets.swift */,
				AA000016000000000000AA00 /* Products.storekit */,
				AA000017000000000000AA00 /* AdManager.swift */,
				QE3A0001000000000000AA00 /* PhysicsHelpers.swift */,
				FC000001000000000000FC00 /* GoldRushEngine.swift */,
				FA000001000000000000FA00 /* MinigameMaps.swift */,
				FA000002000000000000FA00 /* Constants.swift */,
				FA000003000000000000FA00 /* ProfileView.swift */,
				FA000006000000000000FA00 /* PublicProfileView.swift */,
				FA000007000000000000FA00 /* LockerView.swift */,
				FA000004000000000000FA00 /* ChallengeTrackSelectView.swift */,
				FA000005000000000000FA00 /* ChallengeTrackView.swift */,
				AA00000B000000000000AA00 /* Assets.xcassets */,
				AA000004000000000000AA00 /* Info.plist */,
				AA00000D000000000000AA00 /* PrivacyInfo.xcprivacy */,
			);
			path = RollAlong;
			sourceTree = "<group>";
		};
		AA000012000000000000AA00 = {
			isa = PBXGroup;
			children = (
				D502FED72FD52BAB00CA86BD /* AppleAuthManager.swift */,
				AA000011000000000000AA00 /* RollAlong */,
				QE3B0016000000000000AA00 /* RollAlongTests */,
				QE3C0016000000000000AA00 /* RollAlongUITests */,
				D569BB982FEE4DF6008E91A6 /* Frameworks */,
				AA000010000000000000AA00 /* Products */,
			);
			sourceTree = "<group>";
		};
		D569BB982FEE4DF6008E91A6 /* Frameworks */ = {
			isa = PBXGroup;
			children = (
			);
			name = Frameworks;
			sourceTree = "<group>";
		};
		QE3B0016000000000000AA00 /* RollAlongTests */ = {
			isa = PBXGroup;
			children = (
				QE3B0101000000000000AA00 /* GameStateTests.swift */,
				QE3B0102000000000000AA00 /* PhysicsHelpersTests.swift */,
				QE3B0103000000000000AA00 /* CosmeticsTests.swift */,
				FB000004000000000000FB00 /* BallSkinSnapshotTests.swift */,
				FC000002000000000000FC00 /* PerformanceTests.swift */,
			);
			path = RollAlongTests;
			sourceTree = "<group>";
		};
		QE3C0016000000000000AA00 /* RollAlongUITests */ = {
			isa = PBXGroup;
			children = (
				QE3C0101000000000000AA00 /* SmokeTests.swift */,
			);
			path = RollAlongUITests;
			sourceTree = "<group>";
		};
/* End PBXGroup section */

/* Begin PBXNativeTarget section */
		AA000020000000000000AA00 /* RollAlong */ = {
			isa = PBXNativeTarget;
			buildConfigurationList = AA000031000000000000AA00 /* Build configuration list for PBXNativeTarget "RollAlong" */;
			buildPhases = (
				AA000021000000000000AA00 /* Sources */,
				AA000019000000000000AA00 /* Frameworks */,
				AA000022000000000000AA00 /* Resources */,
			);
			buildRules = (
			);
			dependencies = (
			);
			name = RollAlong;
			packageProductDependencies = (
				D502FED02FCB156C00CA86BD /* GoogleMobileAds */,
				D569BB992FEE4DF6008E91A6 /* Chipmunk */,
			);
			productName = RollAlong;
			productReference = AA000005000000000000AA00 /* RollAlong.app */;
			productType = "com.apple.product-type.application";
		};
		QE3B0010000000000000AA00 /* RollAlongTests */ = {
			isa = PBXNativeTarget;
			buildConfigurationList = QE3B0013000000000000AA00 /* Build configuration list for PBXNativeTarget "RollAlongTests" */;
			buildPhases = (
				QE3B0011000000000000AA00 /* Sources */,
				QE3B0012000000000000AA00 /* Frameworks */,
			);
			buildRules = (
			);
			dependencies = (
				QE3B0018000000000000AA00 /* PBXTargetDependency */,
			);
			name = RollAlongTests;
			packageProductDependencies = (
				FB000002000000000000FB00 /* SnapshotTesting */,
			);
			productName = RollAlongTests;
			productReference = QE3B0001000000000000AA00 /* RollAlongTests.xctest */;
			productType = "com.apple.product-type.bundle.unit-test";
		};
		QE3C0010000000000000AA00 /* RollAlongUITests */ = {
			isa = PBXNativeTarget;
			buildConfigurationList = QE3C0013000000000000AA00 /* Build configuration list for PBXNativeTarget "RollAlongUITests" */;
			buildPhases = (
				QE3C0011000000000000AA00 /* Sources */,
				QE3C0012000000000000AA00 /* Frameworks */,
			);
			buildRules = (
			);
			dependencies = (
				QE3C0018000000000000AA00 /* PBXTargetDependency */,
			);
			name = RollAlongUITests;
			productName = RollAlongUITests;
			productReference = QE3C0001000000000000AA00 /* RollAlongUITests.xctest */;
			productType = "com.apple.product-type.bundle.ui-testing";
		};
/* End PBXNativeTarget section */

/* Begin PBXProject section */
		AA000040000000000000AA00 /* Project object */ = {
			isa = PBXProject;
			attributes = {
				BuildIndependentTargetsInParallel = YES;
				LastUpgradeCheck = 2650;
			};
			buildConfigurationList = AA000030000000000000AA00 /* Build configuration list for PBXProject "RollAlong" */;
			developmentRegion = en;
			hasScannedForEncodings = 0;
			knownRegions = (
				Base,
				en,
			);
			mainGroup = AA000012000000000000AA00;
			minimizedProjectReferenceProxies = 1;
			packageReferences = (
				D502FECF2FCB156C00CA86BD /* XCRemoteSwiftPackageReference "swift-package-manager-google-mobile-ads" */,
				FB000001000000000000FB00 /* XCRemoteSwiftPackageReference "swift-snapshot-testing" */,
				D569BB972FEE4B9B008E91A6 /* XCRemoteSwiftPackageReference "Chipmunk2D-SPM" */,
			);
			preferredProjectObjectVersion = 77;
			productRefGroup = AA000010000000000000AA00 /* Products */;
			projectDirPath = "";
			projectRoot = "";
			targets = (
				AA000020000000000000AA00 /* RollAlong */,
				QE3B0010000000000000AA00 /* RollAlongTests */,
				QE3C0010000000000000AA00 /* RollAlongUITests */,
			);
		};
/* End PBXProject section */

/* Begin PBXResourcesBuildPhase section */
		AA000022000000000000AA00 /* Resources */ = {
			isa = PBXResourcesBuildPhase;
			buildActionMask = 2147483647;
			files = (
				AA00000B000000000000AA02 /* Assets.xcassets in Resources */,
				AA00000D000000000000AA02 /* PrivacyInfo.xcprivacy in Resources */,
				D502FED62FD5024E00CA86BD /* LevelOverrides.json in Resources */,
				AA000016000000000000AA02 /* Products.storekit in Resources */,
			);
			runOnlyForDeploymentPostprocessing = 0;
		};
/* End PBXResourcesBuildPhase section */

/* Begin PBXSourcesBuildPhase section */
		AA000021000000000000AA00 /* Sources */ = {
			isa = PBXSourcesBuildPhase;
			buildActionMask = 2147483647;
			files = (
				AA000001000000000000AA01 /* RollAlongApp.swift in Sources */,
				AA000002000000000000AA01 /* ContentView.swift in Sources */,
				AA000099000000000000AA01 /* IntroView.swift in Sources */,
				AA000003000000000000AA01 /* BallGameView.swift in Sources */,
				AA000006000000000000AA01 /* BallSkin.swift in Sources */,
				AA000007000000000000AA01 /* GameState.swift in Sources */,
				AA000008000000000000AA01 /* LevelLayout.swift in Sources */,
				AA000009000000000000AA01 /* HomeView.swift in Sources */,
				AA00000A000000000000AA01 /* SettingsView.swift in Sources */,
				AA00000C000000000000AA01 /* LevelSelectView.swift in Sources */,
				AA00000E000000000000AA01 /* Cosmetics.swift in Sources */,
				AA00000F000000000000AA01 /* CosmeticShopView.swift in Sources */,
				AA000013000000000000AA01 /* AnalyticsClient.swift in Sources */,
				D502FED82FD52BAB00CA86BD /* AppleAuthManager.swift in Sources */,
				AA000014000000000000AA01 /* StoreKitManager.swift in Sources */,
				AA000015000000000000AA01 /* PurchaseSheets.swift in Sources */,
				AA000017000000000000AA01 /* AdManager.swift in Sources */,
				D502FED42FD5024E00CA86BD /* SocialClient.swift in Sources */,
				D502FEE12FD5024E00CA86BD /* LeaderboardView.swift in Sources */,
				D502FEE32FD5024E00CA86BD /* FriendsView.swift in Sources */,
				D502FEE52FD5024E00CA86BD /* ClansView.swift in Sources */,
				D502FEE72FD5024E00CA86BD /* GameMenuView.swift in Sources */,
				D502FEE92FD5024E00CA86BD /* SnakeGameView.swift in Sources */,
				D502FEEB2FD5024E00CA86BD /* SumoSurvivalView.swift in Sources */,
				D502FEED2FD5024E00CA86BD /* PaintBallView.swift in Sources */,
				D502FEEF2FD5024E00CA86BD /* GoldRushView.swift in Sources */,
				DA11FEED0000000000000001 /* DailyRewardView.swift in Sources */,
				DA11FEED0000000000000003 /* BallSkinView.swift in Sources */,
				D502FEF12FD5024E00CA86BD /* MarbleCupView.swift in Sources */,
				D502FEF32FD5024E00CA86BD /* KingOfTheHillView.swift in Sources */,
				D502FEF52FD5024E00CA86BD /* PinballView.swift in Sources */,
				FA0017010000000000000001 /* RollOutView.swift in Sources */,
				FA0017010000000000000003 /* RollUpView.swift in Sources */,
				FA0018010000000000000001 /* ZenGardenTools.swift in Sources */,
				FA0017020000000000000003 /* DiscoBallView.swift in Sources */,
				D502FED52FD5024E00CA86BD /* GameMode.swift in Sources */,
				QE3A0001000000000000AA01 /* PhysicsHelpers.swift in Sources */,
				FC000001000000000000FC01 /* GoldRushEngine.swift in Sources */,
				FA000001000000000000FA01 /* MinigameMaps.swift in Sources */,
				FA000002000000000000FA01 /* Constants.swift in Sources */,
				FA000003000000000000FA01 /* ProfileView.swift in Sources */,
				FA000006000000000000FA01 /* PublicProfileView.swift in Sources */,
				FA000007000000000000FA01 /* LockerView.swift in Sources */,
				FA000004000000000000FA01 /* ChallengeTrackSelectView.swift in Sources */,
				FA000005000000000000FA01 /* ChallengeTrackView.swift in Sources */,
			);
			runOnlyForDeploymentPostprocessing = 0;
		};
		QE3B0011000000000000AA00 /* Sources */ = {
			isa = PBXSourcesBuildPhase;
			buildActionMask = 2147483647;
			files = (
				QE3B0101000000000000AA01 /* GameStateTests.swift in Sources */,
				QE3B0102000000000000AA01 /* PhysicsHelpersTests.swift in Sources */,
				QE3B0103000000000000AA01 /* CosmeticsTests.swift in Sources */,
				FB000004000000000000FB01 /* BallSkinSnapshotTests.swift in Sources */,
				FC000002000000000000FC01 /* PerformanceTests.swift in Sources */,
			);
			runOnlyForDeploymentPostprocessing = 0;
		};
		QE3C0011000000000000AA00 /* Sources */ = {
			isa = PBXSourcesBuildPhase;
			buildActionMask = 2147483647;
			files = (
				QE3C0101000000000000AA01 /* SmokeTests.swift in Sources */,
			);
			runOnlyForDeploymentPostprocessing = 0;
		};
/* End PBXSourcesBuildPhase section */

/* Begin PBXTargetDependency section */
		QE3B0018000000000000AA00 /* PBXTargetDependency */ = {
			isa = PBXTargetDependency;
			target = AA000020000000000000AA00 /* RollAlong */;
			targetProxy = QE3B0017000000000000AA00 /* PBXContainerItemProxy */;
		};
		QE3C0018000000000000AA00 /* PBXTargetDependency */ = {
			isa = PBXTargetDependency;
			target = AA000020000000000000AA00 /* RollAlong */;
			targetProxy = QE3C0017000000000000AA00 /* PBXContainerItemProxy */;
		};
/* End PBXTargetDependency section */

/* Begin XCBuildConfiguration section */
		AA000050000000000000AA00 /* Debug */ = {
			isa = XCBuildConfiguration;
			buildSettings = {
				ALWAYS_SEARCH_USER_PATHS = NO;
				ASSETCATALOG_COMPILER_GENERATE_SWIFT_ASSET_SYMBOL_EXTENSIONS = YES;
				CLANG_ANALYZER_NONNULL = YES;
				CLANG_ANALYZER_NUMBER_OBJECT_CONVERSION = YES_AGGRESSIVE;
				CLANG_CXX_LANGUAGE_STANDARD = "gnu++20";
				CLANG_ENABLE_MODULES = YES;
				CLANG_ENABLE_OBJC_ARC = YES;
				CLANG_ENABLE_OBJC_WEAK = YES;
				CLANG_WARN_BLOCK_CAPTURE_AUTORELEASING = YES;
				CLANG_WARN_BOOL_CONVERSION = YES;
				CLANG_WARN_COMMA = YES;
				CLANG_WARN_CONSTANT_CONVERSION = YES;
				CLANG_WARN_DEPRECATED_OBJC_IMPLEMENTATIONS = YES;
				CLANG_WARN_DIRECT_OBJC_ISA_USAGE = YES_ERROR;
				CLANG_WARN_DOCUMENTATION_COMMENTS = YES;
				CLANG_WARN_EMPTY_BODY = YES;
				CLANG_WARN_ENUM_CONVERSION = YES;
				CLANG_WARN_INFINITE_RECURSION = YES;
				CLANG_WARN_INT_CONVERSION = YES;
				CLANG_WARN_NON_LITERAL_NULL_CONVERSION = YES;
				CLANG_WARN_OBJC_IMPLICIT_RETAIN_SELF = YES;
				CLANG_WARN_OBJC_LITERAL_CONVERSION = YES;
				CLANG_WARN_OBJC_ROOT_CLASS = YES_ERROR;
				CLANG_WARN_QUOTED_INCLUDE_IN_FRAMEWORK_HEADER = YES;
				CLANG_WARN_RANGE_LOOP_ANALYSIS = YES;
				CLANG_WARN_STRICT_PROTOTYPES = YES;
				CLANG_WARN_SUSPICIOUS_MOVE = YES;
				CLANG_WARN_UNGUARDED_AVAILABILITY = YES_AGGRESSIVE;
				CLANG_WARN_UNREACHABLE_CODE = YES;
				CLANG_WARN__DUPLICATE_METHOD_MATCH = YES;
				COPY_PHASE_STRIP = NO;
				DEBUG_INFORMATION_FORMAT = dwarf;
				DEVELOPMENT_TEAM = 7YLKJ5CLUU;
				ENABLE_STRICT_OBJC_MSGSEND = YES;
				ENABLE_TESTABILITY = YES;
				ENABLE_USER_SCRIPT_SANDBOXING = YES;
				GCC_C_LANGUAGE_STANDARD = gnu17;
				GCC_DYNAMIC_NO_PIC = NO;
				GCC_NO_COMMON_BLOCKS = YES;
				GCC_OPTIMIZATION_LEVEL = 0;
				GCC_PREPROCESSOR_DEFINITIONS = (
					"DEBUG=1",
					"$(inherited)",
				);
				GCC_WARN_64_TO_32_BIT_CONVERSION = YES;
				GCC_WARN_ABOUT_RETURN_TYPE = YES_ERROR;
				GCC_WARN_UNDECLARED_SELECTOR = YES;
				GCC_WARN_UNINITIALIZED_AUTOS = YES_AGGRESSIVE;
				GCC_WARN_UNUSED_FUNCTION = YES;
				GCC_WARN_UNUSED_VARIABLE = YES;
				IPHONEOS_DEPLOYMENT_TARGET = 18.0;
				LOCALIZATION_PREFERS_STRING_CATALOGS = YES;
				MTL_ENABLE_DEBUG_INFO = INCLUDE_SOURCE;
				MTL_FAST_MATH = YES;
				ONLY_ACTIVE_ARCH = YES;
				SDKROOT = iphoneos;
				STRING_CATALOG_GENERATE_SYMBOLS = YES;
				SWIFT_ACTIVE_COMPILATION_CONDITIONS = "DEBUG $(inherited)";
				SWIFT_OPTIMIZATION_LEVEL = "-Onone";
			};
			name = Debug;
		};
		AA000051000000000000AA00 /* Release */ = {
			isa = XCBuildConfiguration;
			buildSettings = {
				ALWAYS_SEARCH_USER_PATHS = NO;
				ASSETCATALOG_COMPILER_GENERATE_SWIFT_ASSET_SYMBOL_EXTENSIONS = YES;
				CLANG_ANALYZER_NONNULL = YES;
				CLANG_ANALYZER_NUMBER_OBJECT_CONVERSION = YES_AGGRESSIVE;
				CLANG_CXX_LANGUAGE_STANDARD = "gnu++20";
				CLANG_ENABLE_MODULES = YES;
				CLANG_ENABLE_OBJC_ARC = YES;
				CLANG_ENABLE_OBJC_WEAK = YES;
				CLANG_WARN_BLOCK_CAPTURE_AUTORELEASING = YES;
				CLANG_WARN_BOOL_CONVERSION = YES;
				CLANG_WARN_COMMA = YES;
				CLANG_WARN_CONSTANT_CONVERSION = YES;
				CLANG_WARN_DEPRECATED_OBJC_IMPLEMENTATIONS = YES;
				CLANG_WARN_DIRECT_OBJC_ISA_USAGE = YES_ERROR;
				CLANG_WARN_DOCUMENTATION_COMMENTS = YES;
				CLANG_WARN_EMPTY_BODY = YES;
				CLANG_WARN_ENUM_CONVERSION = YES;
				CLANG_WARN_INFINITE_RECURSION = YES;
				CLANG_WARN_INT_CONVERSION = YES;
				CLANG_WARN_NON_LITERAL_NULL_CONVERSION = YES;
				CLANG_WARN_OBJC_IMPLICIT_RETAIN_SELF = YES;
				CLANG_WARN_OBJC_LITERAL_CONVERSION = YES;
				CLANG_WARN_OBJC_ROOT_CLASS = YES_ERROR;
				CLANG_WARN_QUOTED_INCLUDE_IN_FRAMEWORK_HEADER = YES;
				CLANG_WARN_RANGE_LOOP_ANALYSIS = YES;
				CLANG_WARN_STRICT_PROTOTYPES = YES;
				CLANG_WARN_SUSPICIOUS_MOVE = YES;
				CLANG_WARN_UNGUARDED_AVAILABILITY = YES_AGGRESSIVE;
				CLANG_WARN_UNREACHABLE_CODE = YES;
				CLANG_WARN__DUPLICATE_METHOD_MATCH = YES;
				COPY_PHASE_STRIP = NO;
				DEBUG_INFORMATION_FORMAT = "dwarf-with-dsym";
				DEVELOPMENT_TEAM = 7YLKJ5CLUU;
				ENABLE_NS_ASSERTIONS = NO;
				ENABLE_STRICT_OBJC_MSGSEND = YES;
				ENABLE_USER_SCRIPT_SANDBOXING = YES;
				GCC_C_LANGUAGE_STANDARD = gnu17;
				GCC_NO_COMMON_BLOCKS = YES;
				GCC_WARN_64_TO_32_BIT_CONVERSION = YES;
				GCC_WARN_ABOUT_RETURN_TYPE = YES_ERROR;
				GCC_WARN_UNDECLARED_SELECTOR = YES;
				GCC_WARN_UNINITIALIZED_AUTOS = YES_AGGRESSIVE;
				GCC_WARN_UNUSED_FUNCTION = YES;
				GCC_WARN_UNUSED_VARIABLE = YES;
				IPHONEOS_DEPLOYMENT_TARGET = 18.0;
				LOCALIZATION_PREFERS_STRING_CATALOGS = YES;
				MTL_ENABLE_DEBUG_INFO = NO;
				MTL_FAST_MATH = YES;
				SDKROOT = iphoneos;
				STRING_CATALOG_GENERATE_SYMBOLS = YES;
				SWIFT_COMPILATION_MODE = wholemodule;
			};
			name = Release;
		};
		AA000052000000000000AA00 /* Debug */ = {
			isa = XCBuildConfiguration;
			buildSettings = {
				ASSETCATALOG_COMPILER_APPICON_NAME = AppIcon;
				ASSETCATALOG_COMPILER_GLOBAL_ACCENT_COLOR_NAME = AccentColor;
				CODE_SIGN_ENTITLEMENTS = RollAlong/RollAlong.entitlements;
				CODE_SIGN_STYLE = Automatic;
				CURRENT_PROJECT_VERSION = 1;
				ENABLE_PREVIEWS = YES;
				GENERATE_INFOPLIST_FILE = NO;
				INFOPLIST_FILE = RollAlong/Info.plist;
				INFOPLIST_KEY_UIApplicationSceneManifest_Generation = YES;
				INFOPLIST_KEY_UIApplicationSupportsIndirectInputEvents = YES;
				INFOPLIST_KEY_UILaunchScreen_Generation = YES;
				INFOPLIST_KEY_UISupportedInterfaceOrientations_iPad = "UIInterfaceOrientationPortrait UIInterfaceOrientationPortraitUpsideDown UIInterfaceOrientationLandscapeLeft UIInterfaceOrientationLandscapeRight";
				INFOPLIST_KEY_UISupportedInterfaceOrientations_iPhone = UIInterfaceOrientationPortrait;
				LD_RUNPATH_SEARCH_PATHS = (
					"$(inherited)",
					"@executable_path/Frameworks",
				);
				MARKETING_VERSION = 1.0;
				PRODUCT_BUNDLE_IDENTIFIER = com.macfaldet.RollAlong;
				PRODUCT_NAME = "$(TARGET_NAME)";
				SUPPORTED_PLATFORMS = "iphoneos iphonesimulator";
				SUPPORTS_MACCATALYST = NO;
				SUPPORTS_MAC_DESIGNED_FOR_IPHONE_IPAD = YES;
				SWIFT_EMIT_LOC_STRINGS = YES;
				SWIFT_VERSION = 5.9;
				TARGETED_DEVICE_FAMILY = "1,2";
			};
			name = Debug;
		};
		AA000053000000000000AA00 /* Release */ = {
			isa = XCBuildConfiguration;
			buildSettings = {
				ASSETCATALOG_COMPILER_APPICON_NAME = AppIcon;
				ASSETCATALOG_COMPILER_GLOBAL_ACCENT_COLOR_NAME = AccentColor;
				CODE_SIGN_ENTITLEMENTS = RollAlong/RollAlong.entitlements;
				CODE_SIGN_STYLE = Automatic;
				CURRENT_PROJECT_VERSION = 1;
				ENABLE_PREVIEWS = YES;
				GENERATE_INFOPLIST_FILE = NO;
				INFOPLIST_FILE = RollAlong/Info.plist;
				INFOPLIST_KEY_UIApplicationSceneManifest_Generation = YES;
				INFOPLIST_KEY_UIApplicationSupportsIndirectInputEvents = YES;
				INFOPLIST_KEY_UILaunchScreen_Generation = YES;
				INFOPLIST_KEY_UISupportedInterfaceOrientations_iPad = "UIInterfaceOrientationPortrait UIInterfaceOrientationPortraitUpsideDown UIInterfaceOrientationLandscapeLeft UIInterfaceOrientationLandscapeRight";
				INFOPLIST_KEY_UISupportedInterfaceOrientations_iPhone = UIInterfaceOrientationPortrait;
				LD_RUNPATH_SEARCH_PATHS = (
					"$(inherited)",
					"@executable_path/Frameworks",
				);
				MARKETING_VERSION = 1.0;
				PRODUCT_BUNDLE_IDENTIFIER = com.macfaldet.RollAlong;
				PRODUCT_NAME = "$(TARGET_NAME)";
				SUPPORTED_PLATFORMS = "iphoneos iphonesimulator";
				SUPPORTS_MACCATALYST = NO;
				SUPPORTS_MAC_DESIGNED_FOR_IPHONE_IPAD = YES;
				SWIFT_EMIT_LOC_STRINGS = YES;
				SWIFT_VERSION = 5.9;
				TARGETED_DEVICE_FAMILY = "1,2";
			};
			name = Release;
		};
		QE3B0014000000000000AA00 /* Debug */ = {
			isa = XCBuildConfiguration;
			buildSettings = {
				BUNDLE_LOADER = "$(TEST_HOST)";
				CODE_SIGN_STYLE = Automatic;
				DEVELOPMENT_TEAM = 7YLKJ5CLUU;
				GENERATE_INFOPLIST_FILE = YES;
				IPHONEOS_DEPLOYMENT_TARGET = 18.0;
				PRODUCT_BUNDLE_IDENTIFIER = com.macfaldet.RollAlongTests;
				PRODUCT_NAME = "$(TARGET_NAME)";
				SWIFT_VERSION = 5.9;
				TARGETED_DEVICE_FAMILY = "1,2";
				TEST_HOST = "$(BUILT_PRODUCTS_DIR)/RollAlong.app/$(BUNDLE_EXECUTABLE_FOLDER_PATH)/RollAlong";
			};
			name = Debug;
		};
		QE3B0015000000000000AA00 /* Release */ = {
			isa = XCBuildConfiguration;
			buildSettings = {
				BUNDLE_LOADER = "$(TEST_HOST)";
				CODE_SIGN_STYLE = Automatic;
				DEVELOPMENT_TEAM = 7YLKJ5CLUU;
				GENERATE_INFOPLIST_FILE = YES;
				IPHONEOS_DEPLOYMENT_TARGET = 18.0;
				PRODUCT_BUNDLE_IDENTIFIER = com.macfaldet.RollAlongTests;
				PRODUCT_NAME = "$(TARGET_NAME)";
				SWIFT_VERSION = 5.9;
				TARGETED_DEVICE_FAMILY = "1,2";
				TEST_HOST = "$(BUILT_PRODUCTS_DIR)/RollAlong.app/$(BUNDLE_EXECUTABLE_FOLDER_PATH)/RollAlong";
			};
			name = Release;
		};
		QE3C0014000000000000AA00 /* Debug */ = {
			isa = XCBuildConfiguration;
			buildSettings = {
				CODE_SIGN_STYLE = Automatic;
				DEVELOPMENT_TEAM = 7YLKJ5CLUU;
				GENERATE_INFOPLIST_FILE = YES;
				IPHONEOS_DEPLOYMENT_TARGET = 18.0;
				PRODUCT_BUNDLE_IDENTIFIER = com.macfaldet.RollAlongUITests;
				PRODUCT_NAME = "$(TARGET_NAME)";
				SWIFT_VERSION = 5.9;
				TARGETED_DEVICE_FAMILY = "1,2";
				TEST_TARGET_NAME = RollAlong;
			};
			name = Debug;
		};
		QE3C0015000000000000AA00 /* Release */ = {
			isa = XCBuildConfiguration;
			buildSettings = {
				CODE_SIGN_STYLE = Automatic;
				DEVELOPMENT_TEAM = 7YLKJ5CLUU;
				GENERATE_INFOPLIST_FILE = YES;
				IPHONEOS_DEPLOYMENT_TARGET = 18.0;
				PRODUCT_BUNDLE_IDENTIFIER = com.macfaldet.RollAlongUITests;
				PRODUCT_NAME = "$(TARGET_NAME)";
				SWIFT_VERSION = 5.9;
				TARGETED_DEVICE_FAMILY = "1,2";
				TEST_TARGET_NAME = RollAlong;
			};
			name = Release;
		};
/* End XCBuildConfiguration section */

/* Begin XCConfigurationList section */
		AA000030000000000000AA00 /* Build configuration list for PBXProject "RollAlong" */ = {
			isa = XCConfigurationList;
			buildConfigurations = (
				AA000050000000000000AA00 /* Debug */,
				AA000051000000000000AA00 /* Release */,
			);
			defaultConfigurationIsVisible = 0;
			defaultConfigurationName = Release;
		};
		AA000031000000000000AA00 /* Build configuration list for PBXNativeTarget "RollAlong" */ = {
			isa = XCConfigurationList;
			buildConfigurations = (
				AA000052000000000000AA00 /* Debug */,
				AA000053000000000000AA00 /* Release */,
			);
			defaultConfigurationIsVisible = 0;
			defaultConfigurationName = Release;
		};
		QE3B0013000000000000AA00 /* Build configuration list for PBXNativeTarget "RollAlongTests" */ = {
			isa = XCConfigurationList;
			buildConfigurations = (
				QE3B0014000000000000AA00 /* Debug */,
				QE3B0015000000000000AA00 /* Release */,
			);
			defaultConfigurationIsVisible = 0;
			defaultConfigurationName = Release;
		};
		QE3C0013000000000000AA00 /* Build configuration list for PBXNativeTarget "RollAlongUITests" */ = {
			isa = XCConfigurationList;
			buildConfigurations = (
				QE3C0014000000000000AA00 /* Debug */,
				QE3C0015000000000000AA00 /* Release */,
			);
			defaultConfigurationIsVisible = 0;
			defaultConfigurationName = Release;
		};
/* End XCConfigurationList section */

/* Begin XCRemoteSwiftPackageReference section */
		D502FECF2FCB156C00CA86BD /* XCRemoteSwiftPackageReference "swift-package-manager-google-mobile-ads" */ = {
			isa = XCRemoteSwiftPackageReference;
			repositoryURL = "https://github.com/googleads/swift-package-manager-google-mobile-ads.git";
			requirement = {
				kind = upToNextMajorVersion;
				minimumVersion = 13.4.0;
			};
		};
		D569BB972FEE4B9B008E91A6 /* XCRemoteSwiftPackageReference "Chipmunk2D-SPM" */ = {
			isa = XCRemoteSwiftPackageReference;
			repositoryURL = "https://github.com/spencerkohan/Chipmunk2D-SPM";
			requirement = {
				kind = upToNextMajorVersion;
				minimumVersion = 7.0.3;
			};
		};
		FB000001000000000000FB00 /* XCRemoteSwiftPackageReference "swift-snapshot-testing" */ = {
			isa = XCRemoteSwiftPackageReference;
			repositoryURL = "https://github.com/pointfreeco/swift-snapshot-testing.git";
			requirement = {
				kind = upToNextMajorVersion;
				minimumVersion = 1.15.0;
			};
		};
/* End XCRemoteSwiftPackageReference section */

/* Begin XCSwiftPackageProductDependency section */
		D502FED02FCB156C00CA86BD /* GoogleMobileAds */ = {
			isa = XCSwiftPackageProductDependency;
			package = D502FECF2FCB156C00CA86BD /* XCRemoteSwiftPackageReference "swift-package-manager-google-mobile-ads" */;
			productName = GoogleMobileAds;
		};
		D569BB992FEE4DF6008E91A6 /* Chipmunk */ = {
			isa = XCSwiftPackageProductDependency;
			package = D569BB972FEE4B9B008E91A6 /* XCRemoteSwiftPackageReference "Chipmunk2D-SPM" */;
			productName = Chipmunk;
		};
		FB000002000000000000FB00 /* SnapshotTesting */ = {
			isa = XCSwiftPackageProductDependency;
			package = FB000001000000000000FB00 /* XCRemoteSwiftPackageReference "swift-snapshot-testing" */;
			productName = SnapshotTesting;
		};
/* End XCSwiftPackageProductDependency section */
	};
	rootObject = AA000040000000000000AA00 /* Project object */;
}
